{
    "_readme": [
        "This file locks the dependencies of your project to a known state",
        "Read more about it at https://getcomposer.org/doc/01-basic-usage.md#composer-lock-the-lock-file",
        "This file is @generated automatically"
    ],
    "hash": "e4a8f7b8b6ca64b725cc79667c8bc193",
    "packages": [
        {
            "name": "symfomany/canicule",
            "version": "dev-master",
            "source": {
                "type": "git",
                "url": "https://github.com/Symfomany/canicule.git",
                "reference": "7fdbd0d02f95350d1ccb98048cbed72e669d54d4"
            },
            "dist": {
                "type": "zip",
                "url": "https://api.github.com/repos/Symfomany/canicule/zipball/7fdbd0d02f95350d1ccb98048cbed72e669d54d4",
                "reference": "7fdbd0d02f95350d1ccb98048cbed72e669d54d4",
                "shasum": ""
            },
            "require": {
                "php": ">=5.4.0"
            },
            "type": "library",
            "autoload": {
                "psr-0": {
                    "": "src/"
                }
            },
            "notification-url": "https://packagist.org/downloads/",
            "license": [
                "MIT"
            ],
            "authors": [
                {
                    "name": "Julien Boyer",
                    "email": "julien@meetserious.com"
                }
            ],
            "description": "SUper Classe :)",
            "keywords": [
                "3WA",
                "Canicule"
            ],
            "time": "2015-08-20 15:40:30"
        }
    ],
    "packages-dev": [],
    "aliases": [],
    "minimum-stability": "stable",
    "stability-flags": {
        "symfomany/canicule": 20
    },
    "prefer-stable": false,
    "prefer-lowest": false,
    "platform": [],
    "platform-dev": []
}
